
Microsoft Visual Studio Solution File, Format Version 12.00
# Visual Studio Version 16
VisualStudioVersion = 16.0.31005.135
MinimumVisualStudioVersion = 10.0.40219.1
Project("{FAE04EC0-301F-11D3-BF4B-00C04F79EFBC}") = "average and variance", "average and variance\average and variance.csproj", "{D20DA9D9-36F1-44C4-8B62-EBDFB76F6DAA}"
EndProject
Global
	GlobalSection(SolutionConfigurationPlatforms) = preSolution
		Debug|Any CPU = Debug|Any CPU
		Release|Any CPU = Release|Any CPU
	EndGlobalSection
	GlobalSection(ProjectConfigurationPlatforms) = postSolution
		{D20DA9D9-36F1-44C4-8B62-EBDFB76F6DAA}.Debug|Any CPU.ActiveCfg = Debug|Any CPU
		{D20DA9D9-36F1-44C4-8B62-EBDFB76F6DAA}.Debug|Any CPU.Build.0 = Debug|Any CPU
		{D20DA9D9-36F1-44C4-8B62-EBDFB76F6DAA}.Release|Any CPU.ActiveCfg = Release|Any CPU
		{D20DA9D9-36F1-44C4-8B62-EBDFB76F6DAA}.Release|Any CPU.Build.0 = Release|Any CPU
	EndGlobalSection
	GlobalSection(SolutionProperties) = preSolution
		HideSolutionNode = FALSE
	EndGlobalSection
	GlobalSection(ExtensibilityGlobals) = postSolution
		SolutionGuid = {E138264C-7C6C-4993-95F4-D13BC0BBC1C0}
	EndGlobalSection
EndGlobal
